
Microsoft Visual Studio Solution File, Format Version 12.00
# Visual Studio Version 16
VisualStudioVersion = 16.0.30114.105
MinimumVisualStudioVersion = 10.0.40219.1
Project("{FAE04EC0-301F-11D3-BF4B-00C04F79EFBC}") = "Api", "Api\Api.csproj", "{0D90759D-78DC-4B26-80C6-4D2BCE8FFBAA}"
EndProject
Project("{FAE04EC0-301F-11D3-BF4B-00C04F79EFBC}") = "DataAccess", "DataAccess\DataAccess.csproj", "{AD3E95D1-16C8-4F9B-AC3F-F36C5429ADC5}"
EndProject
Project("{FAE04EC0-301F-11D3-BF4B-00C04F79EFBC}") = "Tests", "Tests\Tests.csproj", "{0D098C5E-9510-45FF-846F-EAC364621E1B}"
EndProject
Project("{FAE04EC0-301F-11D3-BF4B-00C04F79EFBC}") = "FileReader", "FileReader\FileReader.csproj", "{1D4B5BB3-BC99-47C6-A567-603C0C6FACCF}"
EndProject
Global
	GlobalSection(SolutionConfigurationPlatforms) = preSolution
		Debug|Any CPU = Debug|Any CPU
		Release|Any CPU = Release|Any CPU
	EndGlobalSection
	GlobalSection(SolutionProperties) = preSolution
		HideSolutionNode = FALSE
	EndGlobalSection
	GlobalSection(ProjectConfigurationPlatforms) = postSolution
		{0D90759D-78DC-4B26-80C6-4D2BCE8FFBAA}.Debug|Any CPU.ActiveCfg = Debug|Any CPU
		{0D90759D-78DC-4B26-80C6-4D2BCE8FFBAA}.Debug|Any CPU.Build.0 = Debug|Any CPU
		{0D90759D-78DC-4B26-80C6-4D2BCE8FFBAA}.Release|Any CPU.ActiveCfg = Release|Any CPU
		{0D90759D-78DC-4B26-80C6-4D2BCE8FFBAA}.Release|Any CPU.Build.0 = Release|Any CPU
		{AD3E95D1-16C8-4F9B-AC3F-F36C5429ADC5}.Debug|Any CPU.ActiveCfg = Debug|Any CPU
		{AD3E95D1-16C8-4F9B-AC3F-F36C5429ADC5}.Debug|Any CPU.Build.0 = Debug|Any CPU
		{AD3E95D1-16C8-4F9B-AC3F-F36C5429ADC5}.Release|Any CPU.ActiveCfg = Release|Any CPU
		{AD3E95D1-16C8-4F9B-AC3F-F36C5429ADC5}.Release|Any CPU.Build.0 = Release|Any CPU
		{0D098C5E-9510-45FF-846F-EAC364621E1B}.Debug|Any CPU.ActiveCfg = Debug|Any CPU
		{0D098C5E-9510-45FF-846F-EAC364621E1B}.Debug|Any CPU.Build.0 = Debug|Any CPU
		{0D098C5E-9510-45FF-846F-EAC364621E1B}.Release|Any CPU.ActiveCfg = Release|Any CPU
		{0D098C5E-9510-45FF-846F-EAC364621E1B}.Release|Any CPU.Build.0 = Release|Any CPU
		{1D4B5BB3-BC99-47C6-A567-603C0C6FACCF}.Debug|Any CPU.ActiveCfg = Debug|Any CPU
		{1D4B5BB3-BC99-47C6-A567-603C0C6FACCF}.Debug|Any CPU.Build.0 = Debug|Any CPU
		{1D4B5BB3-BC99-47C6-A567-603C0C6FACCF}.Release|Any CPU.ActiveCfg = Release|Any CPU
		{1D4B5BB3-BC99-47C6-A567-603C0C6FACCF}.Release|Any CPU.Build.0 = Release|Any CPU
	EndGlobalSection
EndGlobal
